<?xml version="1.0" encoding="utf-8"?>
<Project ToolsVersion="4.0" xmlns="http://schemas.microsoft.com/developer/msbuild/2003">
  <ItemGroup>
    <Filter Include="Source Files">
      <UniqueIdentifier>{4FC737F1-C7A5-4376-A066-2A32D752A2FF}</UniqueIdentifier>
      <Extensions>cpp;c;cc;cxx;c++;cppm;ixx;def;odl;idl;hpj;bat;asm;asmx</Extensions>
    </Filter>
    <Filter Include="Header Files">
      <UniqueIdentifier>{93995380-89BD-4b04-88EB-625FBE52EBFB}</UniqueIdentifier>
      <Extensions>h;hh;hpp;hxx;h++;hm;inl;inc;ipp;xsd</Extensions>
    </Filter>
    <Filter Include="Resource Files">
      <UniqueIdentifier>{67DA6AB6-F800-4c08-8B7A-83BB121AAD01}</UniqueIdentifier>
      <Extensions>rc;ico;cur;bmp;dlg;rc2;rct;bin;rgs;gif;jpg;jpeg;jpe;resx;tiff;tif;png;wav;mfcribbon-ms</Extensions>
    </Filter>
    <Filter Include="Setup">
      <UniqueIdentifier>{82c0b55a-36f8-43d7-ae67-ec635ee83e7f}</UniqueIdentifier>
    </Filter>
  </ItemGroup>
  <ItemGroup>
    <ClInclude Include="pch.h">
      <Filter>Header Files</Filter>
    </ClInclude>
    <ClInclude Include="TraceyDicomConfig.h">
      <Filter>Header Files</Filter>
    </ClInclude>
    <ClInclude Include="resource.h">
      <Filter>Resource Files</Filter>
    </ClInclude>
    <ClInclude Include="WorklistDialog.h">
      <Filter>Header Files</Filter>
    </ClInclude>
    <ClInclude Include="TraceyDicomQuery.h">
      <Filter>Header Files</Filter>
    </ClInclude>
    <ClInclude Include="TraceyDicomSend.h">
      <Filter>Header Files</Filter>
    </ClInclude>
    <ClInclude Include="SetupSheet.h">
      <Filter>Setup</Filter>
    </ClInclude>
    <ClInclude Include="SetupPageSelection.h">
      <Filter>Setup</Filter>
    </ClInclude>
    <ClInclude Include="AccessionDialog.h">
      <Filter>Header Files</Filter>
    </ClInclude>
    <ClInclude Include="SetupPageServer.h">
      <Filter>Setup</Filter>
    </ClInclude>
    <ClInclude Include="WorklistDialogSettings.h">
      <Filter>Header Files</Filter>
    </ClInclude>
  </ItemGroup>
  <ItemGroup>
    <ClCompile Include="dllmain.cpp">
      <Filter>Source Files</Filter>
    </ClCompile>
    <ClCompile Include="pch.cpp">
      <Filter>Source Files</Filter>
    </ClCompile>
    <ClCompile Include="LocalClassFactory.cpp">
      <Filter>Source Files</Filter>
    </ClCompile>
    <ClCompile Include="TraceyDicomConfig.cpp">
      <Filter>Source Files</Filter>
    </ClCompile>
    <ClCompile Include="WorklistDialog.cpp">
      <Filter>Source Files</Filter>
    </ClCompile>
    <ClCompile Include="TraceyDicomQuery.cpp">
      <Filter>Source Files</Filter>
    </ClCompile>
    <ClCompile Include="TraceyDicomSend.cpp">
      <Filter>Source Files</Filter>
    </ClCompile>
    <ClCompile Include="SetupSheet.cpp">
      <Filter>Setup</Filter>
    </ClCompile>
    <ClCompile Include="SetupPageSelection.cpp">
      <Filter>Setup</Filter>
    </ClCompile>
    <ClCompile Include="AccessionDialog.cpp">
      <Filter>Source Files</Filter>
    </ClCompile>
    <ClCompile Include="SetupPageServer.cpp">
      <Filter>Setup</Filter>
    </ClCompile>
    <ClCompile Include="WorklistDialogSettings.cpp">
      <Filter>Source Files</Filter>
    </ClCompile>
  </ItemGroup>
  <ItemGroup>
    <ResourceCompile Include="TraceyDicom.rc">
      <Filter>Resource Files</Filter>
    </ResourceCompile>
  </ItemGroup>
</Project>