
Microsoft Visual Studio Solution File, Format Version 12.00
# Visual Studio Version 16
VisualStudioVersion = 16.0.30611.23
MinimumVisualStudioVersion = 10.0.40219.1
Project("{8BC9CEB8-8B4A-11D0-8D11-00A0C91BC942}") = "iTrace", "src\gui\iTrace.vcxproj", "{BC005822-93A9-43D5-B3B9-B728CE8FE20E}"
EndProject
Project("{2150E333-8FDC-42A3-9474-1A3956D46DE8}") = "_SolutionItems", "_SolutionItems", "{0B0DF2BE-7DB2-462E-907F-9E673690115E}"
	ProjectSection(SolutionItems) = preProject
		.clang-format = .clang-format
		.gitignore = .gitignore
		build630.bat = build630.bat
		src\ProjProps.props = src\ProjProps.props
		Readme.md = Readme.md
		vs-chromium-project.txt = vs-chromium-project.txt
	EndProjectSection
EndProject
Project("{8BC9CEB8-8B4A-11D0-8D11-00A0C91BC942}") = "CommonLib", "src\libs\CommonLib\CommonLib.vcxproj", "{FB2BBF5A-C4A0-4FD8-9966-53F2A3EE90CC}"
EndProject
Project("{8BC9CEB8-8B4A-11D0-8D11-00A0C91BC942}") = "interfaces", "src\interfaces\interfaces.vcxitems", "{C0FE8A08-6012-4A39-B3F0-1599526BD984}"
EndProject
Project("{8BC9CEB8-8B4A-11D0-8D11-00A0C91BC942}") = "TraceyHardware", "src\dlls\TraceyHardware\TraceyHardware.vcxproj", "{C7034B3F-11A5-4F1B-BF5D-A7DA69431855}"
EndProject
Project("{8BC9CEB8-8B4A-11D0-8D11-00A0C91BC942}") = "LoggingLib", "src\libs\LoggingLib\LoggingLib.vcxproj", "{136CC8C9-D852-494E-8036-46B22062B2C4}"
EndProject
Project("{2150E333-8FDC-42A3-9474-1A3956D46DE8}") = "Libs", "Libs", "{4B2E1044-2F63-40D6-A660-2B31664ED146}"
EndProject
Project("{8BC9CEB8-8B4A-11D0-8D11-00A0C91BC942}") = "HalTester", "tools\HalTester\HalTester.vcxproj", "{E389E737-D28C-442F-A417-D2962FAF16D2}"
EndProject
Project("{2150E333-8FDC-42A3-9474-1A3956D46DE8}") = "tools", "tools", "{D2ADC48A-2854-4C5E-8E27-2100CA1B9B46}"
EndProject
Project("{8BC9CEB8-8B4A-11D0-8D11-00A0C91BC942}") = "SharedUI", "tools\SharedUI\SharedUI.vcxitems", "{448E43E4-7C07-408F-8D61-AE1A69EA9DFD}"
EndProject
Project("{8BC9CEB8-8B4A-11D0-8D11-00A0C91BC942}") = "LegacyLib", "src\libs\LegacyLib\LegacyLib.vcxproj", "{903470EB-776F-48D6-B163-0CC6C1C560D5}"
EndProject
Project("{8BC9CEB8-8B4A-11D0-8D11-00A0C91BC942}") = "CalcLib", "src\libs\CalcLib\CalcLib.vcxproj", "{FE883FA5-BD68-49D8-9B77-0211817DD014}"
EndProject
Project("{2150E333-8FDC-42A3-9474-1A3956D46DE8}") = "dlls", "dlls", "{546007DA-FBF4-4AA2-912D-C578B5B089B2}"
EndProject
Project("{8BC9CEB8-8B4A-11D0-8D11-00A0C91BC942}") = "DicomLib", "src\libs\DicomLib\DicomLib.vcxproj", "{41C9C7BC-1C0D-4239-8A8F-A078B2EB1BF1}"
EndProject
Project("{8BC9CEB8-8B4A-11D0-8D11-00A0C91BC942}") = "TraceyDicom", "src\dlls\TraceyDicom\TraceyDicom.vcxproj", "{E2934127-B412-408F-8E28-6A80DEF48956}"
EndProject
Project("{8BC9CEB8-8B4A-11D0-8D11-00A0C91BC942}") = "DatabaseLib", "src\libs\DatabaseLib\DatabaseLib.vcxproj", "{1F580E33-0E39-4E6D-9D4F-B9EC1C57301B}"
EndProject
Project("{8BC9CEB8-8B4A-11D0-8D11-00A0C91BC942}") = "TraceyServices", "src\dlls\TraceyServices\TraceyServices.vcxproj", "{070776B9-1B36-4153-BA7B-474C2CA1CE56}"
EndProject
Project("{8BC9CEB8-8B4A-11D0-8D11-00A0C91BC942}") = "TraceyDatabaseJet", "src\dlls\TraceyDatabaseJet\TraceyDatabaseJet.vcxproj", "{D222A1AF-25D3-4A2B-8395-F6AF9CDE505D}"
EndProject
Project("{8BC9CEB8-8B4A-11D0-8D11-00A0C91BC942}") = "uEyeConvertImage", "tools\uEyeConvertImage\uEyeConvertImage.vcxproj", "{41D618B6-E936-490E-9A27-09AD0625D2B6}"
EndProject
Global
	GlobalSection(SharedMSBuildProjectFiles) = preSolution
		src\interfaces\interfaces.vcxitems*{136cc8c9-d852-494e-8036-46b22062b2c4}*SharedItemsImports = 4
		tools\SharedUI\SharedUI.vcxitems*{448e43e4-7c07-408f-8d61-ae1a69ea9dfd}*SharedItemsImports = 9
		src\interfaces\interfaces.vcxitems*{c0fe8a08-6012-4a39-b3f0-1599526bd984}*SharedItemsImports = 9
		src\interfaces\interfaces.vcxitems*{c7034b3f-11a5-4f1b-bf5d-a7da69431855}*SharedItemsImports = 4
		tools\SharedUI\SharedUI.vcxitems*{e389e737-d28c-442f-a417-d2962faf16d2}*SharedItemsImports = 4
	EndGlobalSection
	GlobalSection(SolutionConfigurationPlatforms) = preSolution
		Debug|x64 = Debug|x64
		Debug|x86 = Debug|x86
		Release|x64 = Release|x64
		Release|x86 = Release|x86
	EndGlobalSection
	GlobalSection(ProjectConfigurationPlatforms) = postSolution
		{BC005822-93A9-43D5-B3B9-B728CE8FE20E}.Debug|x64.ActiveCfg = Debug|x64
		{BC005822-93A9-43D5-B3B9-B728CE8FE20E}.Debug|x64.Build.0 = Debug|x64
		{BC005822-93A9-43D5-B3B9-B728CE8FE20E}.Debug|x86.ActiveCfg = Debug|Win32
		{BC005822-93A9-43D5-B3B9-B728CE8FE20E}.Debug|x86.Build.0 = Debug|Win32
		{BC005822-93A9-43D5-B3B9-B728CE8FE20E}.Release|x64.ActiveCfg = Release|x64
		{BC005822-93A9-43D5-B3B9-B728CE8FE20E}.Release|x64.Build.0 = Release|x64
		{BC005822-93A9-43D5-B3B9-B728CE8FE20E}.Release|x86.ActiveCfg = Release|Win32
		{BC005822-93A9-43D5-B3B9-B728CE8FE20E}.Release|x86.Build.0 = Release|Win32
		{FB2BBF5A-C4A0-4FD8-9966-53F2A3EE90CC}.Debug|x64.ActiveCfg = Debug|x64
		{FB2BBF5A-C4A0-4FD8-9966-53F2A3EE90CC}.Debug|x64.Build.0 = Debug|x64
		{FB2BBF5A-C4A0-4FD8-9966-53F2A3EE90CC}.Debug|x86.ActiveCfg = Debug|Win32
		{FB2BBF5A-C4A0-4FD8-9966-53F2A3EE90CC}.Debug|x86.Build.0 = Debug|Win32
		{FB2BBF5A-C4A0-4FD8-9966-53F2A3EE90CC}.Release|x64.ActiveCfg = Release|x64
		{FB2BBF5A-C4A0-4FD8-9966-53F2A3EE90CC}.Release|x64.Build.0 = Release|x64
		{FB2BBF5A-C4A0-4FD8-9966-53F2A3EE90CC}.Release|x86.ActiveCfg = Release|Win32
		{FB2BBF5A-C4A0-4FD8-9966-53F2A3EE90CC}.Release|x86.Build.0 = Release|Win32
		{C7034B3F-11A5-4F1B-BF5D-A7DA69431855}.Debug|x64.ActiveCfg = Debug|x64
		{C7034B3F-11A5-4F1B-BF5D-A7DA69431855}.Debug|x64.Build.0 = Debug|x64
		{C7034B3F-11A5-4F1B-BF5D-A7DA69431855}.Debug|x86.ActiveCfg = Debug|Win32
		{C7034B3F-11A5-4F1B-BF5D-A7DA69431855}.Debug|x86.Build.0 = Debug|Win32
		{C7034B3F-11A5-4F1B-BF5D-A7DA69431855}.Release|x64.ActiveCfg = Release|x64
		{C7034B3F-11A5-4F1B-BF5D-A7DA69431855}.Release|x64.Build.0 = Release|x64
		{C7034B3F-11A5-4F1B-BF5D-A7DA69431855}.Release|x86.ActiveCfg = Release|Win32
		{C7034B3F-11A5-4F1B-BF5D-A7DA69431855}.Release|x86.Build.0 = Release|Win32
		{136CC8C9-D852-494E-8036-46B22062B2C4}.Debug|x64.ActiveCfg = Debug|x64
		{136CC8C9-D852-494E-8036-46B22062B2C4}.Debug|x64.Build.0 = Debug|x64
		{136CC8C9-D852-494E-8036-46B22062B2C4}.Debug|x86.ActiveCfg = Debug|Win32
		{136CC8C9-D852-494E-8036-46B22062B2C4}.Debug|x86.Build.0 = Debug|Win32
		{136CC8C9-D852-494E-8036-46B22062B2C4}.Release|x64.ActiveCfg = Release|x64
		{136CC8C9-D852-494E-8036-46B22062B2C4}.Release|x64.Build.0 = Release|x64
		{136CC8C9-D852-494E-8036-46B22062B2C4}.Release|x86.ActiveCfg = Release|Win32
		{136CC8C9-D852-494E-8036-46B22062B2C4}.Release|x86.Build.0 = Release|Win32
		{E389E737-D28C-442F-A417-D2962FAF16D2}.Debug|x64.ActiveCfg = Debug|x64
		{E389E737-D28C-442F-A417-D2962FAF16D2}.Debug|x64.Build.0 = Debug|x64
		{E389E737-D28C-442F-A417-D2962FAF16D2}.Debug|x86.ActiveCfg = Debug|Win32
		{E389E737-D28C-442F-A417-D2962FAF16D2}.Debug|x86.Build.0 = Debug|Win32
		{E389E737-D28C-442F-A417-D2962FAF16D2}.Release|x64.ActiveCfg = Release|x64
		{E389E737-D28C-442F-A417-D2962FAF16D2}.Release|x64.Build.0 = Release|x64
		{E389E737-D28C-442F-A417-D2962FAF16D2}.Release|x86.ActiveCfg = Release|Win32
		{E389E737-D28C-442F-A417-D2962FAF16D2}.Release|x86.Build.0 = Release|Win32
		{903470EB-776F-48D6-B163-0CC6C1C560D5}.Debug|x64.ActiveCfg = Debug|x64
		{903470EB-776F-48D6-B163-0CC6C1C560D5}.Debug|x64.Build.0 = Debug|x64
		{903470EB-776F-48D6-B163-0CC6C1C560D5}.Debug|x86.ActiveCfg = Debug|Win32
		{903470EB-776F-48D6-B163-0CC6C1C560D5}.Debug|x86.Build.0 = Debug|Win32
		{903470EB-776F-48D6-B163-0CC6C1C560D5}.Release|x64.ActiveCfg = Release|x64
		{903470EB-776F-48D6-B163-0CC6C1C560D5}.Release|x64.Build.0 = Release|x64
		{903470EB-776F-48D6-B163-0CC6C1C560D5}.Release|x86.ActiveCfg = Release|Win32
		{903470EB-776F-48D6-B163-0CC6C1C560D5}.Release|x86.Build.0 = Release|Win32
		{FE883FA5-BD68-49D8-9B77-0211817DD014}.Debug|x64.ActiveCfg = Debug|x64
		{FE883FA5-BD68-49D8-9B77-0211817DD014}.Debug|x64.Build.0 = Debug|x64
		{FE883FA5-BD68-49D8-9B77-0211817DD014}.Debug|x86.ActiveCfg = Debug|Win32
		{FE883FA5-BD68-49D8-9B77-0211817DD014}.Debug|x86.Build.0 = Debug|Win32
		{FE883FA5-BD68-49D8-9B77-0211817DD014}.Release|x64.ActiveCfg = Release|x64
		{FE883FA5-BD68-49D8-9B77-0211817DD014}.Release|x64.Build.0 = Release|x64
		{FE883FA5-BD68-49D8-9B77-0211817DD014}.Release|x86.ActiveCfg = Release|Win32
		{FE883FA5-BD68-49D8-9B77-0211817DD014}.Release|x86.Build.0 = Release|Win32
		{41C9C7BC-1C0D-4239-8A8F-A078B2EB1BF1}.Debug|x64.ActiveCfg = Debug|x64
		{41C9C7BC-1C0D-4239-8A8F-A078B2EB1BF1}.Debug|x64.Build.0 = Debug|x64
		{41C9C7BC-1C0D-4239-8A8F-A078B2EB1BF1}.Debug|x86.ActiveCfg = Debug|Win32
		{41C9C7BC-1C0D-4239-8A8F-A078B2EB1BF1}.Debug|x86.Build.0 = Debug|Win32
		{41C9C7BC-1C0D-4239-8A8F-A078B2EB1BF1}.Release|x64.ActiveCfg = Release|x64
		{41C9C7BC-1C0D-4239-8A8F-A078B2EB1BF1}.Release|x64.Build.0 = Release|x64
		{41C9C7BC-1C0D-4239-8A8F-A078B2EB1BF1}.Release|x86.ActiveCfg = Release|Win32
		{41C9C7BC-1C0D-4239-8A8F-A078B2EB1BF1}.Release|x86.Build.0 = Release|Win32
		{E2934127-B412-408F-8E28-6A80DEF48956}.Debug|x64.ActiveCfg = Debug|x64
		{E2934127-B412-408F-8E28-6A80DEF48956}.Debug|x64.Build.0 = Debug|x64
		{E2934127-B412-408F-8E28-6A80DEF48956}.Debug|x86.ActiveCfg = Debug|Win32
		{E2934127-B412-408F-8E28-6A80DEF48956}.Debug|x86.Build.0 = Debug|Win32
		{E2934127-B412-408F-8E28-6A80DEF48956}.Release|x64.ActiveCfg = Release|x64
		{E2934127-B412-408F-8E28-6A80DEF48956}.Release|x64.Build.0 = Release|x64
		{E2934127-B412-408F-8E28-6A80DEF48956}.Release|x86.ActiveCfg = Release|Win32
		{E2934127-B412-408F-8E28-6A80DEF48956}.Release|x86.Build.0 = Release|Win32
		{1F580E33-0E39-4E6D-9D4F-B9EC1C57301B}.Debug|x64.ActiveCfg = Debug|x64
		{1F580E33-0E39-4E6D-9D4F-B9EC1C57301B}.Debug|x64.Build.0 = Debug|x64
		{1F580E33-0E39-4E6D-9D4F-B9EC1C57301B}.Debug|x86.ActiveCfg = Debug|Win32
		{1F580E33-0E39-4E6D-9D4F-B9EC1C57301B}.Debug|x86.Build.0 = Debug|Win32
		{1F580E33-0E39-4E6D-9D4F-B9EC1C57301B}.Release|x64.ActiveCfg = Release|x64
		{1F580E33-0E39-4E6D-9D4F-B9EC1C57301B}.Release|x64.Build.0 = Release|x64
		{1F580E33-0E39-4E6D-9D4F-B9EC1C57301B}.Release|x86.ActiveCfg = Release|Win32
		{1F580E33-0E39-4E6D-9D4F-B9EC1C57301B}.Release|x86.Build.0 = Release|Win32
		{070776B9-1B36-4153-BA7B-474C2CA1CE56}.Debug|x64.ActiveCfg = Debug|x64
		{070776B9-1B36-4153-BA7B-474C2CA1CE56}.Debug|x64.Build.0 = Debug|x64
		{070776B9-1B36-4153-BA7B-474C2CA1CE56}.Debug|x86.ActiveCfg = Debug|Win32
		{070776B9-1B36-4153-BA7B-474C2CA1CE56}.Debug|x86.Build.0 = Debug|Win32
		{070776B9-1B36-4153-BA7B-474C2CA1CE56}.Release|x64.ActiveCfg = Release|x64
		{070776B9-1B36-4153-BA7B-474C2CA1CE56}.Release|x64.Build.0 = Release|x64
		{070776B9-1B36-4153-BA7B-474C2CA1CE56}.Release|x86.ActiveCfg = Release|Win32
		{070776B9-1B36-4153-BA7B-474C2CA1CE56}.Release|x86.Build.0 = Release|Win32
		{D222A1AF-25D3-4A2B-8395-F6AF9CDE505D}.Debug|x64.ActiveCfg = Debug|x64
		{D222A1AF-25D3-4A2B-8395-F6AF9CDE505D}.Debug|x64.Build.0 = Debug|x64
		{D222A1AF-25D3-4A2B-8395-F6AF9CDE505D}.Debug|x86.ActiveCfg = Debug|Win32
		{D222A1AF-25D3-4A2B-8395-F6AF9CDE505D}.Debug|x86.Build.0 = Debug|Win32
		{D222A1AF-25D3-4A2B-8395-F6AF9CDE505D}.Release|x64.ActiveCfg = Release|x64
		{D222A1AF-25D3-4A2B-8395-F6AF9CDE505D}.Release|x64.Build.0 = Release|x64
		{D222A1AF-25D3-4A2B-8395-F6AF9CDE505D}.Release|x86.ActiveCfg = Release|Win32
		{D222A1AF-25D3-4A2B-8395-F6AF9CDE505D}.Release|x86.Build.0 = Release|Win32
		{41D618B6-E936-490E-9A27-09AD0625D2B6}.Debug|x64.ActiveCfg = Debug|x64
		{41D618B6-E936-490E-9A27-09AD0625D2B6}.Debug|x64.Build.0 = Debug|x64
		{41D618B6-E936-490E-9A27-09AD0625D2B6}.Debug|x86.ActiveCfg = Debug|Win32
		{41D618B6-E936-490E-9A27-09AD0625D2B6}.Debug|x86.Build.0 = Debug|Win32
		{41D618B6-E936-490E-9A27-09AD0625D2B6}.Release|x64.ActiveCfg = Release|x64
		{41D618B6-E936-490E-9A27-09AD0625D2B6}.Release|x64.Build.0 = Release|x64
		{41D618B6-E936-490E-9A27-09AD0625D2B6}.Release|x86.ActiveCfg = Release|Win32
		{41D618B6-E936-490E-9A27-09AD0625D2B6}.Release|x86.Build.0 = Release|Win32
	EndGlobalSection
	GlobalSection(SolutionProperties) = preSolution
		HideSolutionNode = FALSE
	EndGlobalSection
	GlobalSection(NestedProjects) = preSolution
		{FB2BBF5A-C4A0-4FD8-9966-53F2A3EE90CC} = {4B2E1044-2F63-40D6-A660-2B31664ED146}
		{C7034B3F-11A5-4F1B-BF5D-A7DA69431855} = {546007DA-FBF4-4AA2-912D-C578B5B089B2}
		{136CC8C9-D852-494E-8036-46B22062B2C4} = {4B2E1044-2F63-40D6-A660-2B31664ED146}
		{E389E737-D28C-442F-A417-D2962FAF16D2} = {D2ADC48A-2854-4C5E-8E27-2100CA1B9B46}
		{448E43E4-7C07-408F-8D61-AE1A69EA9DFD} = {D2ADC48A-2854-4C5E-8E27-2100CA1B9B46}
		{903470EB-776F-48D6-B163-0CC6C1C560D5} = {4B2E1044-2F63-40D6-A660-2B31664ED146}
		{FE883FA5-BD68-49D8-9B77-0211817DD014} = {4B2E1044-2F63-40D6-A660-2B31664ED146}
		{41C9C7BC-1C0D-4239-8A8F-A078B2EB1BF1} = {4B2E1044-2F63-40D6-A660-2B31664ED146}
		{E2934127-B412-408F-8E28-6A80DEF48956} = {546007DA-FBF4-4AA2-912D-C578B5B089B2}
		{1F580E33-0E39-4E6D-9D4F-B9EC1C57301B} = {4B2E1044-2F63-40D6-A660-2B31664ED146}
		{070776B9-1B36-4153-BA7B-474C2CA1CE56} = {546007DA-FBF4-4AA2-912D-C578B5B089B2}
		{D222A1AF-25D3-4A2B-8395-F6AF9CDE505D} = {546007DA-FBF4-4AA2-912D-C578B5B089B2}
		{41D618B6-E936-490E-9A27-09AD0625D2B6} = {D2ADC48A-2854-4C5E-8E27-2100CA1B9B46}
	EndGlobalSection
	GlobalSection(ExtensibilityGlobals) = postSolution
		SolutionGuid = {96C5B899-B67E-4E96-8D57-A4A6518A61A2}
	EndGlobalSection
EndGlobal
