<?xml version="1.0" encoding="utf-8"?>
<Project ToolsVersion="4.0" xmlns="http://schemas.microsoft.com/developer/msbuild/2003">
  <ItemGroup>
    <Filter Include="Source Files">
      <UniqueIdentifier>{4FC737F1-C7A5-4376-A066-2A32D752A2FF}</UniqueIdentifier>
      <Extensions>cpp;c;cc;cxx;def;odl;idl;hpj;bat;asm;asmx</Extensions>
    </Filter>
    <Filter Include="Header Files">
      <UniqueIdentifier>{93995380-89BD-4b04-88EB-625FBE52EBFB}</UniqueIdentifier>
      <Extensions>h;hh;hpp;hxx;hm;inl;inc;ipp;xsd</Extensions>
    </Filter>
    <Filter Include="Resource Files">
      <UniqueIdentifier>{67DA6AB6-F800-4c08-8B7A-83BB121AAD01}</UniqueIdentifier>
      <Extensions>rc;ico;cur;bmp;dlg;rc2;rct;bin;rgs;gif;jpg;jpeg;jpe;resx;tiff;tif;png;wav;mfcribbon-ms</Extensions>
    </Filter>
    <Filter Include="3rdParty">
      <UniqueIdentifier>{38e4dee4-1ed3-4c35-8a42-b6901ba77dd3}</UniqueIdentifier>
    </Filter>
    <Filter Include="thw">
      <UniqueIdentifier>{ab6b8da7-cc96-4375-8474-0dacc1b4a79d}</UniqueIdentifier>
    </Filter>
    <Filter Include="ids">
      <UniqueIdentifier>{522a9202-ea1f-4b3e-aeb0-f212ae0bf8a1}</UniqueIdentifier>
    </Filter>
    <Filter Include="std">
      <UniqueIdentifier>{96cfa21c-23e3-4c96-8402-b7cb4787b762}</UniqueIdentifier>
    </Filter>
  </ItemGroup>
  <ItemGroup>
    <ClInclude Include="pch.h">
      <Filter>Header Files</Filter>
    </ClInclude>
    <ClInclude Include="Flash.h">
      <Filter>Header Files</Filter>
    </ClInclude>
    <ClInclude Include="Device.h">
      <Filter>Header Files</Filter>
    </ClInclude>
    <ClInclude Include="Camera.h">
      <Filter>Header Files</Filter>
    </ClInclude>
    <ClInclude Include="thw\thw.h">
      <Filter>thw</Filter>
    </ClInclude>
    <ClInclude Include="CameraImpl.h">
      <Filter>Header Files</Filter>
    </ClInclude>
    <ClInclude Include="thw\thw_data.h">
      <Filter>thw</Filter>
    </ClInclude>
    <ClInclude Include="thw\thw_defines.h">
      <Filter>thw</Filter>
    </ClInclude>
    <ClInclude Include="ids\IDSVideoCapture.h">
      <Filter>ids</Filter>
    </ClInclude>
    <ClInclude Include="ids\uEye.h">
      <Filter>ids</Filter>
    </ClInclude>
    <ClInclude Include="ids\IDSVideoCamera.h">
      <Filter>ids</Filter>
    </ClInclude>
    <ClInclude Include="std\CameraHiResImplStd.h">
      <Filter>std</Filter>
    </ClInclude>
    <ClInclude Include="std\CameraHiresStd.h">
      <Filter>std</Filter>
    </ClInclude>
    <ClInclude Include="std\CameraStdHiresProps.h">
      <Filter>std</Filter>
    </ClInclude>
    <ClInclude Include="ids\CameraHiresImplIDS.h">
      <Filter>ids</Filter>
    </ClInclude>
    <ClInclude Include="ids\CameraHiresIDS.h">
      <Filter>ids</Filter>
    </ClInclude>
  </ItemGroup>
  <ItemGroup>
    <ClCompile Include="dllmain.cpp">
      <Filter>Source Files</Filter>
    </ClCompile>
    <ClCompile Include="pch.cpp">
      <Filter>Source Files</Filter>
    </ClCompile>
    <ClCompile Include="Flash.cpp">
      <Filter>Source Files</Filter>
    </ClCompile>
    <ClCompile Include="LocalClassFactory.cpp">
      <Filter>Source Files</Filter>
    </ClCompile>
    <ClCompile Include="Device.cpp">
      <Filter>Source Files</Filter>
    </ClCompile>
    <ClCompile Include="Camera.cpp">
      <Filter>Source Files</Filter>
    </ClCompile>
    <ClCompile Include="thw\thw.cpp">
      <Filter>thw</Filter>
    </ClCompile>
    <ClCompile Include="CameraImpl.cpp">
      <Filter>Source Files</Filter>
    </ClCompile>
    <ClCompile Include="ids\IDSVideoCapture.cpp">
      <Filter>ids</Filter>
    </ClCompile>
    <ClCompile Include="ids\IDSVideoCamera.cpp">
      <Filter>ids</Filter>
    </ClCompile>
    <ClCompile Include="std\CameraHiresImplStd.cpp">
      <Filter>std</Filter>
    </ClCompile>
    <ClCompile Include="std\CameraHiresStd.cpp">
      <Filter>std</Filter>
    </ClCompile>
    <ClCompile Include="std\CameraStdHiresProps.cpp">
      <Filter>std</Filter>
    </ClCompile>
    <ClCompile Include="ids\CameraHiresIDS.cpp">
      <Filter>ids</Filter>
    </ClCompile>
    <ClCompile Include="ids\CameraHiresImplIDS.cpp">
      <Filter>ids</Filter>
    </ClCompile>
  </ItemGroup>
  <ItemGroup>
    <Library Include="ids\uEye_api.lib">
      <Filter>ids</Filter>
    </Library>
  </ItemGroup>
  <ItemGroup>
    <CopyFileToFolders Include="ids\ueye_api.dll">
      <Filter>ids</Filter>
    </CopyFileToFolders>
    <CopyFileToFolders Include="thw\thw.dll">
      <Filter>thw</Filter>
    </CopyFileToFolders>
  </ItemGroup>
</Project>