<?xml version="1.0" encoding="utf-8"?>
<Project ToolsVersion="4.0" xmlns="http://schemas.microsoft.com/developer/msbuild/2003">
  <ItemGroup>
    <Filter Include="Source Files">
      <UniqueIdentifier>{4FC737F1-C7A5-4376-A066-2A32D752A2FF}</UniqueIdentifier>
      <Extensions>cpp;c;cc;cxx;def;odl;idl;hpj;bat;asm;asmx</Extensions>
    </Filter>
    <Filter Include="Header Files">
      <UniqueIdentifier>{93995380-89BD-4b04-88EB-625FBE52EBFB}</UniqueIdentifier>
      <Extensions>h;hh;hpp;hxx;hm;inl;inc;ipp;xsd</Extensions>
    </Filter>
    <Filter Include="Resource Files">
      <UniqueIdentifier>{67DA6AB6-F800-4c08-8B7A-83BB121AAD01}</UniqueIdentifier>
      <Extensions>rc;ico;cur;bmp;dlg;rc2;rct;bin;rgs;gif;jpg;jpeg;jpe;resx;tiff;tif;png;wav;mfcribbon-ms</Extensions>
    </Filter>
    <Filter Include="thread">
      <UniqueIdentifier>{63c37ecc-9162-4867-89a5-d53c1771dcd9}</UniqueIdentifier>
    </Filter>
    <Filter Include="TestSupport">
      <UniqueIdentifier>{4e38ce4c-ddb2-43ac-b1dc-865f3de1b91c}</UniqueIdentifier>
    </Filter>
    <Filter Include="Compression">
      <UniqueIdentifier>{c06c7d08-532c-4b83-9f87-89f5b07d5542}</UniqueIdentifier>
    </Filter>
  </ItemGroup>
  <ItemGroup>
    <ClInclude Include="pch.h">
      <Filter>Header Files</Filter>
    </ClInclude>
    <ClInclude Include="types.h">
      <Filter>Header Files</Filter>
    </ClInclude>
    <ClInclude Include="constants.h">
      <Filter>Header Files</Filter>
    </ClInclude>
    <ClInclude Include="Signal.h">
      <Filter>Header Files</Filter>
    </ClInclude>
    <ClInclude Include="SignalUI.h">
      <Filter>Header Files</Filter>
    </ClInclude>
    <ClInclude Include="Slot.h">
      <Filter>Header Files</Filter>
    </ClInclude>
    <ClInclude Include="CreateObj.h">
      <Filter>Header Files</Filter>
    </ClInclude>
    <ClInclude Include="AppClassFactory.h">
      <Filter>Header Files</Filter>
    </ClInclude>
    <ClInclude Include="Implements.h">
      <Filter>Header Files</Filter>
    </ClInclude>
    <ClInclude Include="Hasher.h">
      <Filter>Header Files</Filter>
    </ClInclude>
    <ClInclude Include="NonCopyable.h">
      <Filter>Header Files</Filter>
    </ClInclude>
    <ClInclude Include="thread\ThreadPool.h">
      <Filter>thread</Filter>
    </ClInclude>
    <ClInclude Include="thread\ThreadPoolTimer.h">
      <Filter>thread</Filter>
    </ClInclude>
    <ClInclude Include="thread\TsQueue.h">
      <Filter>thread</Filter>
    </ClInclude>
    <ClInclude Include="thread\jthread.hpp">
      <Filter>thread</Filter>
    </ClInclude>
    <ClInclude Include="thread\stop_token.hpp">
      <Filter>thread</Filter>
    </ClInclude>
    <ClInclude Include="Benchmark.h">
      <Filter>Header Files</Filter>
    </ClInclude>
    <ClInclude Include="ClassFactoryImpl.h">
      <Filter>Header Files</Filter>
    </ClInclude>
    <ClInclude Include="GdiplusInitializer.h">
      <Filter>Header Files</Filter>
    </ClInclude>
    <ClInclude Include="TraceyException.h">
      <Filter>Header Files</Filter>
    </ClInclude>
    <ClInclude Include="CommonIncl.h">
      <Filter>Header Files</Filter>
    </ClInclude>
    <ClInclude Include="SafeType.h">
      <Filter>Header Files</Filter>
    </ClInclude>
    <ClInclude Include="CoInitializer.h">
      <Filter>Header Files</Filter>
    </ClInclude>
    <ClInclude Include="VersionInfo.h">
      <Filter>Header Files</Filter>
    </ClInclude>
    <ClInclude Include="Guid.h">
      <Filter>Header Files</Filter>
    </ClInclude>
    <ClInclude Include="testSupport\TestDataFolder.h">
      <Filter>TestSupport</Filter>
    </ClInclude>
    <ClInclude Include="TestSupport\TestDatabase.h">
      <Filter>TestSupport</Filter>
    </ClInclude>
    <ClInclude Include="ConfigMap.h">
      <Filter>Header Files</Filter>
    </ClInclude>
    <ClInclude Include="ResourceData.h">
      <Filter>Header Files</Filter>
    </ClInclude>
    <ClInclude Include="Refraction.h">
      <Filter>Header Files</Filter>
    </ClInclude>
    <ClInclude Include="Result.h">
      <Filter>Header Files</Filter>
    </ClInclude>
    <ClInclude Include="WindowPlacement.h">
      <Filter>Header Files</Filter>
    </ClInclude>
    <ClInclude Include="Singleton.h">
      <Filter>Header Files</Filter>
    </ClInclude>
    <ClInclude Include="TraceyConfig.h">
      <Filter>Header Files</Filter>
    </ClInclude>
    <ClInclude Include="TraceyConfigImpl.h">
      <Filter>Header Files</Filter>
    </ClInclude>
    <ClInclude Include="IniParser.h">
      <Filter>Header Files</Filter>
    </ClInclude>
    <ClInclude Include="Cast.h">
      <Filter>Header Files</Filter>
    </ClInclude>
    <ClInclude Include="Dimension.h">
      <Filter>Header Files</Filter>
    </ClInclude>
    <ClInclude Include="Image.h">
      <Filter>Header Files</Filter>
    </ClInclude>
    <ClInclude Include="utf8.h">
      <Filter>Header Files</Filter>
    </ClInclude>
    <ClInclude Include="Unit.h">
      <Filter>Header Files</Filter>
    </ClInclude>
    <ClInclude Include="Compression\Blob.h">
      <Filter>Compression</Filter>
    </ClInclude>
    <ClInclude Include="Compression\Compression.h">
      <Filter>Compression</Filter>
    </ClInclude>
    <ClInclude Include="Compression\UnZip.h">
      <Filter>Compression</Filter>
    </ClInclude>
    <ClInclude Include="Compression\Zip.h">
      <Filter>Compression</Filter>
    </ClInclude>
    <ClInclude Include="Compressor.h">
      <Filter>Compression</Filter>
    </ClInclude>
    <ClInclude Include="TempFile.h">
      <Filter>Header Files</Filter>
    </ClInclude>
    <ClInclude Include="Random.h">
      <Filter>Header Files</Filter>
    </ClInclude>
    <ClInclude Include="TraceyRegistry.h">
      <Filter>Header Files</Filter>
    </ClInclude>
    <ClInclude Include="Chinese.h">
      <Filter>Header Files</Filter>
    </ClInclude>
    <ClInclude Include="StringSplit.h">
      <Filter>Header Files</Filter>
    </ClInclude>
    <ClInclude Include="ComLibrary.h">
      <Filter>Header Files</Filter>
    </ClInclude>
    <ClInclude Include="SplashScreenImpl.h">
      <Filter>Header Files</Filter>
    </ClInclude>
    <ClInclude Include="atlgdix.h">
      <Filter>Header Files</Filter>
    </ClInclude>
    <ClInclude Include="JsonSettings.h">
      <Filter>Header Files</Filter>
    </ClInclude>
    <ClInclude Include="AppFiles.h">
      <Filter>Header Files</Filter>
    </ClInclude>
    <ClInclude Include="ViewTypes.h">
      <Filter>Header Files</Filter>
    </ClInclude>
    <ClInclude Include="ShrinkFIle.h">
      <Filter>Header Files</Filter>
    </ClInclude>
    <ClInclude Include="AppSettingsImpl.h">
      <Filter>Header Files</Filter>
    </ClInclude>
    <ClInclude Include="AppSettings.h">
      <Filter>Header Files</Filter>
    </ClInclude>
  </ItemGroup>
  <ItemGroup>
    <ClCompile Include="pch.cpp">
      <Filter>Source Files</Filter>
    </ClCompile>
    <ClCompile Include="SignalUI.cpp">
      <Filter>Source Files</Filter>
    </ClCompile>
    <ClCompile Include="AppClassFactory.cpp">
      <Filter>Source Files</Filter>
    </ClCompile>
    <ClCompile Include="Hasher.cpp">
      <Filter>Source Files</Filter>
    </ClCompile>
    <ClCompile Include="thread\ThreadPool.cpp">
      <Filter>thread</Filter>
    </ClCompile>
    <ClCompile Include="thread\ThreadPoolTimer.cpp">
      <Filter>thread</Filter>
    </ClCompile>
    <ClCompile Include="Benchmark.cpp">
      <Filter>Source Files</Filter>
    </ClCompile>
    <ClCompile Include="ClassFactoryImpl.cpp">
      <Filter>Source Files</Filter>
    </ClCompile>
    <ClCompile Include="GdiplusInitializer.cpp">
      <Filter>Source Files</Filter>
    </ClCompile>
    <ClCompile Include="CreateObj.cpp">
      <Filter>Source Files</Filter>
    </ClCompile>
    <ClCompile Include="VersionInfo.cpp">
      <Filter>Source Files</Filter>
    </ClCompile>
    <ClCompile Include="Guid.cpp">
      <Filter>Source Files</Filter>
    </ClCompile>
    <ClCompile Include="testSupport\TestDataFolder.cpp">
      <Filter>TestSupport</Filter>
    </ClCompile>
    <ClCompile Include="TestSupport\TestDatabase.cpp">
      <Filter>TestSupport</Filter>
    </ClCompile>
    <ClCompile Include="ResourceData.cpp">
      <Filter>Source Files</Filter>
    </ClCompile>
    <ClCompile Include="WindowPlacement.cpp">
      <Filter>Source Files</Filter>
    </ClCompile>
    <ClCompile Include="TraceyConfigImpl.cpp">
      <Filter>Source Files</Filter>
    </ClCompile>
    <ClCompile Include="IniParser.cpp">
      <Filter>Source Files</Filter>
    </ClCompile>
    <ClCompile Include="Image.cpp">
      <Filter>Source Files</Filter>
    </ClCompile>
    <ClCompile Include="utf8.cpp">
      <Filter>Source Files</Filter>
    </ClCompile>
    <ClCompile Include="Compression\Blob.cpp">
      <Filter>Compression</Filter>
    </ClCompile>
    <ClCompile Include="Compression\Compression.cpp">
      <Filter>Compression</Filter>
    </ClCompile>
    <ClCompile Include="Compression\UnZip.cpp">
      <Filter>Compression</Filter>
    </ClCompile>
    <ClCompile Include="Compression\Zip.cpp">
      <Filter>Compression</Filter>
    </ClCompile>
    <ClCompile Include="Compressor.cpp">
      <Filter>Compression</Filter>
    </ClCompile>
    <ClCompile Include="TempFile.cpp">
      <Filter>Source Files</Filter>
    </ClCompile>
    <ClCompile Include="Chinese.cpp">
      <Filter>Source Files</Filter>
    </ClCompile>
    <ClCompile Include="ComLibrary.cpp">
      <Filter>Source Files</Filter>
    </ClCompile>
    <ClCompile Include="SplashScreenImpl.cpp">
      <Filter>Source Files</Filter>
    </ClCompile>
    <ClCompile Include="JsonSettings.cpp">
      <Filter>Source Files</Filter>
    </ClCompile>
    <ClCompile Include="AppFiles.cpp">
      <Filter>Source Files</Filter>
    </ClCompile>
    <ClCompile Include="ShrinkFIle.cpp">
      <Filter>Source Files</Filter>
    </ClCompile>
    <ClCompile Include="AppSettings.cpp">
      <Filter>Source Files</Filter>
    </ClCompile>
    <ClCompile Include="AppSettingsImpl.cpp">
      <Filter>Source Files</Filter>
    </ClCompile>
  </ItemGroup>
</Project>